
Microsoft Visual Studio Solution File, Format Version 12.00
# Visual Studio 2013
VisualStudioVersion = 12.0.30501.0
MinimumVisualStudioVersion = 10.0.40219.1
Project("{FAE04EC0-301F-11D3-BF4B-00C04F79EFBC}") = "Library", "Library\Library.csproj", "{C1739487-1611-45F3-9615-154D7DEC87EB}"
EndProject
Project("{FAE04EC0-301F-11D3-BF4B-00C04F79EFBC}") = "DataLayer", "DataLayer\DataLayer.csproj", "{A9630869-1C08-4AD4-BAFA-AD6FBE6C7262}"
EndProject
Global
	GlobalSection(SolutionConfigurationPlatforms) = preSolution
		Debug|Any CPU = Debug|Any CPU
		Release|Any CPU = Release|Any CPU
	EndGlobalSection
	GlobalSection(ProjectConfigurationPlatforms) = postSolution
		{C1739487-1611-45F3-9615-154D7DEC87EB}.Debug|Any CPU.ActiveCfg = Debug|Any CPU
		{C1739487-1611-45F3-9615-154D7DEC87EB}.Debug|Any CPU.Build.0 = Debug|Any CPU
		{C1739487-1611-45F3-9615-154D7DEC87EB}.Release|Any CPU.ActiveCfg = Release|Any CPU
		{C1739487-1611-45F3-9615-154D7DEC87EB}.Release|Any CPU.Build.0 = Release|Any CPU
		{A9630869-1C08-4AD4-BAFA-AD6FBE6C7262}.Debug|Any CPU.ActiveCfg = Debug|Any CPU
		{A9630869-1C08-4AD4-BAFA-AD6FBE6C7262}.Debug|Any CPU.Build.0 = Debug|Any CPU
		{A9630869-1C08-4AD4-BAFA-AD6FBE6C7262}.Release|Any CPU.ActiveCfg = Release|Any CPU
		{A9630869-1C08-4AD4-BAFA-AD6FBE6C7262}.Release|Any CPU.Build.0 = Release|Any CPU
	EndGlobalSection
	GlobalSection(SolutionProperties) = preSolution
		HideSolutionNode = FALSE
	EndGlobalSection
EndGlobal
